
Microsoft Visual Studio Solution File, Format Version 12.00
# Visual Studio Version 17
VisualStudioVersion = 17.14.36203.30 d17.14
MinimumVisualStudioVersion = 10.0.40219.1
Project("{8BC9CEB8-8B4A-11D0-8D11-00A0C91BC942}") = "TextRPGPlay", "TextRPGPlay\TextRPGPlay.vcxproj", "{FE71AE01-6EB9-4237-84FA-7B30729C8CCF}"
EndProject
Global
	GlobalSection(SolutionConfigurationPlatforms) = preSolution
		Debug|x64 = Debug|x64
		Debug|x86 = Debug|x86
		Release|x64 = Release|x64
		Release|x86 = Release|x86
	EndGlobalSection
	GlobalSection(ProjectConfigurationPlatforms) = postSolution
		{FE71AE01-6EB9-4237-84FA-7B30729C8CCF}.Debug|x64.ActiveCfg = Debug|x64
		{FE71AE01-6EB9-4237-84FA-7B30729C8CCF}.Debug|x64.Build.0 = Debug|x64
		{FE71AE01-6EB9-4237-84FA-7B30729C8CCF}.Debug|x86.ActiveCfg = Debug|Win32
		{FE71AE01-6EB9-4237-84FA-7B30729C8CCF}.Debug|x86.Build.0 = Debug|Win32
		{FE71AE01-6EB9-4237-84FA-7B30729C8CCF}.Release|x64.ActiveCfg = Release|x64
		{FE71AE01-6EB9-4237-84FA-7B30729C8CCF}.Release|x64.Build.0 = Release|x64
		{FE71AE01-6EB9-4237-84FA-7B30729C8CCF}.Release|x86.ActiveCfg = Release|Win32
		{FE71AE01-6EB9-4237-84FA-7B30729C8CCF}.Release|x86.Build.0 = Release|Win32
	EndGlobalSection
	GlobalSection(SolutionProperties) = preSolution
		HideSolutionNode = FALSE
	EndGlobalSection
	GlobalSection(ExtensibilityGlobals) = postSolution
		SolutionGuid = {D1D99A80-BBBD-4FBF-8036-E5A84A01FB2C}
	EndGlobalSection
EndGlobal
